
Microsoft Visual Studio Solution File, Format Version 12.00
# Visual Studio 14
VisualStudioVersion = 14.0.25420.1
MinimumVisualStudioVersion = 10.0.40219.1
Project("{2150E333-8FDC-42A3-9474-1A3956D46DE8}") = "Layesr", "Layesr", "{88135954-5E23-4067-9F6A-C12ABFFDCD7B}"
EndProject
Project("{2150E333-8FDC-42A3-9474-1A3956D46DE8}") = "Services", "Services", "{353060EB-1F47-43F7-8D60-96CEFE0EB335}"
EndProject
Project("{FAE04EC0-301F-11D3-BF4B-00C04F79EFBC}") = "Rinku.Services.Main", "Rinku.Services.Main\Rinku.Services.Main.csproj", "{1D29AA0D-B5C0-435F-8485-8252AEACD437}"
EndProject
Project("{2150E333-8FDC-42A3-9474-1A3956D46DE8}") = "Domain", "Domain", "{FE3BCB1F-F600-4A7E-B39A-EADFAD1D19F8}"
EndProject
Project("{2150E333-8FDC-42A3-9474-1A3956D46DE8}") = "Infrastructure", "Infrastructure", "{61CFEFEB-B471-4B1F-B6DE-1BBA8F5F1734}"
EndProject
Project("{2150E333-8FDC-42A3-9474-1A3956D46DE8}") = "Rinku.Test", "Rinku.Test", "{F2FF0B24-F8F7-4309-BE39-DEB284815A85}"
EndProject
Project("{FAE04EC0-301F-11D3-BF4B-00C04F79EFBC}") = "Rinku.Contracts", "Rinku.Contracts\Rinku.Contracts.csproj", "{0984D6F6-C25A-4BDF-8236-CFD4B9BF4E8C}"
EndProject
Project("{FAE04EC0-301F-11D3-BF4B-00C04F79EFBC}") = "Rinku.Data", "Rinku.Data\Rinku.Data.csproj", "{1FCCDF36-D794-449E-92A6-0C3EEE723A5C}"
EndProject
Project("{FAE04EC0-301F-11D3-BF4B-00C04F79EFBC}") = "Rinku.Domain", "Rinku.Domain\Rinku.Domain.csproj", "{BDD9F771-1852-4157-8054-870962862C52}"
EndProject
Project("{2150E333-8FDC-42A3-9474-1A3956D46DE8}") = "Documentacion", "Documentacion", "{2049926D-6087-47F9-9A2B-F0C46D85D944}"
	ProjectSection(SolutionItems) = preProject
		Documentacion.docx = Documentacion.docx
	EndProjectSection
EndProject
Global
	GlobalSection(SolutionConfigurationPlatforms) = preSolution
		Debug|Any CPU = Debug|Any CPU
		Release|Any CPU = Release|Any CPU
	EndGlobalSection
	GlobalSection(ProjectConfigurationPlatforms) = postSolution
		{1D29AA0D-B5C0-435F-8485-8252AEACD437}.Debug|Any CPU.ActiveCfg = Debug|Any CPU
		{1D29AA0D-B5C0-435F-8485-8252AEACD437}.Debug|Any CPU.Build.0 = Debug|Any CPU
		{1D29AA0D-B5C0-435F-8485-8252AEACD437}.Release|Any CPU.ActiveCfg = Release|Any CPU
		{1D29AA0D-B5C0-435F-8485-8252AEACD437}.Release|Any CPU.Build.0 = Release|Any CPU
		{0984D6F6-C25A-4BDF-8236-CFD4B9BF4E8C}.Debug|Any CPU.ActiveCfg = Debug|Any CPU
		{0984D6F6-C25A-4BDF-8236-CFD4B9BF4E8C}.Debug|Any CPU.Build.0 = Debug|Any CPU
		{0984D6F6-C25A-4BDF-8236-CFD4B9BF4E8C}.Release|Any CPU.ActiveCfg = Release|Any CPU
		{0984D6F6-C25A-4BDF-8236-CFD4B9BF4E8C}.Release|Any CPU.Build.0 = Release|Any CPU
		{1FCCDF36-D794-449E-92A6-0C3EEE723A5C}.Debug|Any CPU.ActiveCfg = Debug|Any CPU
		{1FCCDF36-D794-449E-92A6-0C3EEE723A5C}.Debug|Any CPU.Build.0 = Debug|Any CPU
		{1FCCDF36-D794-449E-92A6-0C3EEE723A5C}.Release|Any CPU.ActiveCfg = Release|Any CPU
		{1FCCDF36-D794-449E-92A6-0C3EEE723A5C}.Release|Any CPU.Build.0 = Release|Any CPU
		{BDD9F771-1852-4157-8054-870962862C52}.Debug|Any CPU.ActiveCfg = Debug|Any CPU
		{BDD9F771-1852-4157-8054-870962862C52}.Debug|Any CPU.Build.0 = Debug|Any CPU
		{BDD9F771-1852-4157-8054-870962862C52}.Release|Any CPU.ActiveCfg = Release|Any CPU
		{BDD9F771-1852-4157-8054-870962862C52}.Release|Any CPU.Build.0 = Release|Any CPU
	EndGlobalSection
	GlobalSection(SolutionProperties) = preSolution
		HideSolutionNode = FALSE
	EndGlobalSection
	GlobalSection(NestedProjects) = preSolution
		{353060EB-1F47-43F7-8D60-96CEFE0EB335} = {88135954-5E23-4067-9F6A-C12ABFFDCD7B}
		{1D29AA0D-B5C0-435F-8485-8252AEACD437} = {353060EB-1F47-43F7-8D60-96CEFE0EB335}
		{FE3BCB1F-F600-4A7E-B39A-EADFAD1D19F8} = {88135954-5E23-4067-9F6A-C12ABFFDCD7B}
		{61CFEFEB-B471-4B1F-B6DE-1BBA8F5F1734} = {88135954-5E23-4067-9F6A-C12ABFFDCD7B}
		{0984D6F6-C25A-4BDF-8236-CFD4B9BF4E8C} = {61CFEFEB-B471-4B1F-B6DE-1BBA8F5F1734}
		{1FCCDF36-D794-449E-92A6-0C3EEE723A5C} = {61CFEFEB-B471-4B1F-B6DE-1BBA8F5F1734}
		{BDD9F771-1852-4157-8054-870962862C52} = {FE3BCB1F-F600-4A7E-B39A-EADFAD1D19F8}
	EndGlobalSection
EndGlobal
